# This file is automatically @generated by Cargo.
# It is not intended for manual editing.
version = 4

[[package]]
name = "axum_api_key_auth"
version = "0.1.0"

[[package]]
name = "axum_api_rate_limit_by_user"
version = "0.1.0"

[[package]]
name = "axum_auth_jwt"
version = "0.1.0"

[[package]]
name = "axum_auth_oauth2"
version = "0.1.0"

[[package]]
name = "axum_auth_password"
version = "0.1.0"

[[package]]
name = "axum_echo_data"
version = "0.1.0"

[[package]]
name = "axum_file_upload"
version = "0.1.0"

[[package]]
name = "axum_hello_world"
version = "0.1.0"

[[package]]
name = "axum_link_shortener"
version = "0.1.0"

[[package]]
name = "axum_middleware"
version = "0.1.0"

[[package]]
name = "axum_query_para"
version = "0.1.0"

[[package]]
name = "axum_uuid_return"
version = "0.1.0"

[[package]]
name = "crud_sqlite"
version = "0.1.0"

[[package]]
name = "csv_rw"
version = "0.1.0"

[[package]]
name = "diesel_postgres"
version = "0.1.0"

[[package]]
name = "diesel_sqlite"
version = "0.1.0"

[[package]]
name = "duckdb_hello_world"
version = "0.1.0"

[[package]]
name = "duckdb_parquet"
version = "0.1.0"

[[package]]
name = "file_reader"
version = "0.1.0"

[[package]]
name = "file_writer"
version = "0.1.0"

[[package]]
name = "json_crud"
version = "0.1.0"

[[package]]
name = "json_reader"
version = "0.1.0"

[[package]]
name = "json_writer"
version = "0.1.0"

[[package]]
name = "package_json_generator"
version = "0.1.0"

[[package]]
name = "parquet_hello_world"
version = "0.1.0"

[[package]]
name = "simple_avg"
version = "0.1.0"

[[package]]
name = "ws_hello_world"
version = "0.1.0"

[[package]]
name = "ws_rw"
version = "0.1.0"

[[package]]
name = "yaml_reader"
version = "0.1.0"

[[package]]
name = "yaml_writer"
version = "0.1.0"
